
Microsoft Visual Studio Solution File, Format Version 12.00
# Visual Studio Version 16
VisualStudioVersion = 16.0.30011.22
MinimumVisualStudioVersion = 10.0.40219.1
Project("{FAE04EC0-301F-11D3-BF4B-00C04F79EFBC}") = "Cadastrar_Veiculos", "Cadastrar_Veiculos\Cadastrar_Veiculos.csproj", "{59AE203B-981D-46FD-97A6-DEDFA0589A19}"
EndProject
Global
	GlobalSection(SolutionConfigurationPlatforms) = preSolution
		Debug|Any CPU = Debug|Any CPU
		Release|Any CPU = Release|Any CPU
	EndGlobalSection
	GlobalSection(ProjectConfigurationPlatforms) = postSolution
		{59AE203B-981D-46FD-97A6-DEDFA0589A19}.Debug|Any CPU.ActiveCfg = Debug|Any CPU
		{59AE203B-981D-46FD-97A6-DEDFA0589A19}.Debug|Any CPU.Build.0 = Debug|Any CPU
		{59AE203B-981D-46FD-97A6-DEDFA0589A19}.Release|Any CPU.ActiveCfg = Release|Any CPU
		{59AE203B-981D-46FD-97A6-DEDFA0589A19}.Release|Any CPU.Build.0 = Release|Any CPU
	EndGlobalSection
	GlobalSection(SolutionProperties) = preSolution
		HideSolutionNode = FALSE
	EndGlobalSection
	GlobalSection(ExtensibilityGlobals) = postSolution
		SolutionGuid = {5FC84DA6-57F4-49BB-B0E0-2AA9A893F6A5}
	EndGlobalSection
EndGlobal
